
Microsoft Visual Studio Solution File, Format Version 12.00
# Visual Studio Version 17
VisualStudioVersion = 17.10.34916.146
MinimumVisualStudioVersion = 10.0.40219.1
Project("{FAE04EC0-301F-11D3-BF4B-00C04F79EFBC}") = "SistemaDeVendas", "SistemaDeVendas\SistemaDeVendas.csproj", "{8DB48E0E-5EE1-41C2-9D06-22FE4BD9F7EC}"
EndProject
Global
	GlobalSection(SolutionConfigurationPlatforms) = preSolution
		Debug|Any CPU = Debug|Any CPU
		Release|Any CPU = Release|Any CPU
	EndGlobalSection
	GlobalSection(ProjectConfigurationPlatforms) = postSolution
		{8DB48E0E-5EE1-41C2-9D06-22FE4BD9F7EC}.Debug|Any CPU.ActiveCfg = Debug|Any CPU
		{8DB48E0E-5EE1-41C2-9D06-22FE4BD9F7EC}.Debug|Any CPU.Build.0 = Debug|Any CPU
		{8DB48E0E-5EE1-41C2-9D06-22FE4BD9F7EC}.Release|Any CPU.ActiveCfg = Release|Any CPU
		{8DB48E0E-5EE1-41C2-9D06-22FE4BD9F7EC}.Release|Any CPU.Build.0 = Release|Any CPU
	EndGlobalSection
	GlobalSection(SolutionProperties) = preSolution
		HideSolutionNode = FALSE
	EndGlobalSection
	GlobalSection(ExtensibilityGlobals) = postSolution
		SolutionGuid = {E8E8A62F-9E76-4308-9711-968C3E5D77B1}
	EndGlobalSection
EndGlobal
